
Microsoft Visual Studio Solution File, Format Version 12.00
# Visual Studio Version 17
VisualStudioVersion = 17.0.31919.166
MinimumVisualStudioVersion = 10.0.40219.1
Project("{FAE04EC0-301F-11D3-BF4B-00C04F79EFBC}") = "PocRabbitMQSending", "PocRabbitMQSending\PocRabbitMQSending.csproj", "{C1967B03-0B1E-49EA-992E-738CDF062191}"
EndProject
Global
	GlobalSection(SolutionConfigurationPlatforms) = preSolution
		Debug|Any CPU = Debug|Any CPU
		Release|Any CPU = Release|Any CPU
	EndGlobalSection
	GlobalSection(ProjectConfigurationPlatforms) = postSolution
		{C1967B03-0B1E-49EA-992E-738CDF062191}.Debug|Any CPU.ActiveCfg = Debug|Any CPU
		{C1967B03-0B1E-49EA-992E-738CDF062191}.Debug|Any CPU.Build.0 = Debug|Any CPU
		{C1967B03-0B1E-49EA-992E-738CDF062191}.Release|Any CPU.ActiveCfg = Release|Any CPU
		{C1967B03-0B1E-49EA-992E-738CDF062191}.Release|Any CPU.Build.0 = Release|Any CPU
	EndGlobalSection
	GlobalSection(SolutionProperties) = preSolution
		HideSolutionNode = FALSE
	EndGlobalSection
	GlobalSection(ExtensibilityGlobals) = postSolution
		SolutionGuid = {9A044ECB-9737-4977-BC1C-DA4F616380E3}
	EndGlobalSection
EndGlobal
